
Microsoft Visual Studio Solution File, Format Version 12.00
# Visual Studio 15
VisualStudioVersion = 15.0.27130.2024
MinimumVisualStudioVersion = 10.0.40219.1
Project("{FAE04EC0-301F-11D3-BF4B-00C04F79EFBC}") = "Practica2MarniLopez", "Practica2MarniLopez\Practica2MarniLopez.csproj", "{4A702DCD-DB2A-4A75-96D7-AFA9B88A7722}"
EndProject
Global
	GlobalSection(SolutionConfigurationPlatforms) = preSolution
		Debug|Any CPU = Debug|Any CPU
		Release|Any CPU = Release|Any CPU
	EndGlobalSection
	GlobalSection(ProjectConfigurationPlatforms) = postSolution
		{4A702DCD-DB2A-4A75-96D7-AFA9B88A7722}.Debug|Any CPU.ActiveCfg = Debug|Any CPU
		{4A702DCD-DB2A-4A75-96D7-AFA9B88A7722}.Debug|Any CPU.Build.0 = Debug|Any CPU
		{4A702DCD-DB2A-4A75-96D7-AFA9B88A7722}.Release|Any CPU.ActiveCfg = Release|Any CPU
		{4A702DCD-DB2A-4A75-96D7-AFA9B88A7722}.Release|Any CPU.Build.0 = Release|Any CPU
	EndGlobalSection
	GlobalSection(SolutionProperties) = preSolution
		HideSolutionNode = FALSE
	EndGlobalSection
	GlobalSection(ExtensibilityGlobals) = postSolution
		SolutionGuid = {011CF178-E7E6-4704-9689-1440BCEA01FA}
	EndGlobalSection
EndGlobal
