
Microsoft Visual Studio Solution File, Format Version 12.00
# Visual Studio 14
VisualStudioVersion = 14.0.25420.1
MinimumVisualStudioVersion = 10.0.40219.1
Project("{FAE04EC0-301F-11D3-BF4B-00C04F79EFBC}") = "lec05Practica.UI", "lec05Practica\lec05Practica.UI.csproj", "{1B619696-4295-4A36-A8F9-F00B4791959A}"
EndProject
Project("{FAE04EC0-301F-11D3-BF4B-00C04F79EFBC}") = "lec05Practica.DATA", "lec05Practica.DATA\lec05Practica.DATA.csproj", "{CF08A023-E6C2-4A21-AECA-52C1B2EB93C8}"
EndProject
Project("{FAE04EC0-301F-11D3-BF4B-00C04F79EFBC}") = "lec05Practica.DAL", "lec05Practica.DAL\lec05Practica.DAL.csproj", "{3AD87662-A298-42CC-9E0A-1A3C11B52EF9}"
EndProject
Global
	GlobalSection(SolutionConfigurationPlatforms) = preSolution
		Debug|Any CPU = Debug|Any CPU
		Release|Any CPU = Release|Any CPU
	EndGlobalSection
	GlobalSection(ProjectConfigurationPlatforms) = postSolution
		{1B619696-4295-4A36-A8F9-F00B4791959A}.Debug|Any CPU.ActiveCfg = Debug|Any CPU
		{1B619696-4295-4A36-A8F9-F00B4791959A}.Debug|Any CPU.Build.0 = Debug|Any CPU
		{1B619696-4295-4A36-A8F9-F00B4791959A}.Release|Any CPU.ActiveCfg = Release|Any CPU
		{1B619696-4295-4A36-A8F9-F00B4791959A}.Release|Any CPU.Build.0 = Release|Any CPU
		{CF08A023-E6C2-4A21-AECA-52C1B2EB93C8}.Debug|Any CPU.ActiveCfg = Debug|Any CPU
		{CF08A023-E6C2-4A21-AECA-52C1B2EB93C8}.Debug|Any CPU.Build.0 = Debug|Any CPU
		{CF08A023-E6C2-4A21-AECA-52C1B2EB93C8}.Release|Any CPU.ActiveCfg = Release|Any CPU
		{CF08A023-E6C2-4A21-AECA-52C1B2EB93C8}.Release|Any CPU.Build.0 = Release|Any CPU
		{3AD87662-A298-42CC-9E0A-1A3C11B52EF9}.Debug|Any CPU.ActiveCfg = Debug|Any CPU
		{3AD87662-A298-42CC-9E0A-1A3C11B52EF9}.Debug|Any CPU.Build.0 = Debug|Any CPU
		{3AD87662-A298-42CC-9E0A-1A3C11B52EF9}.Release|Any CPU.ActiveCfg = Release|Any CPU
		{3AD87662-A298-42CC-9E0A-1A3C11B52EF9}.Release|Any CPU.Build.0 = Release|Any CPU
	EndGlobalSection
	GlobalSection(SolutionProperties) = preSolution
		HideSolutionNode = FALSE
	EndGlobalSection
EndGlobal
